// !$*UTF8*$!
{
	archiveVersion = 1;
	classes = {
	};
	objectVersion = 46;
	objects = {

/* Begin PBXBuildFile section */
		18DCB5FB1AFB0492003FDBF8 /* main.m in Sources */ = {isa = PBXBuildFile; fileRef = 18DCB5FA1AFB0492003FDBF8 /* main.m */; };
		18DCB5FE1AFB0492003FDBF8 /* AppDelegate.m in Sources */ = {isa = PBXBuildFile; fileRef = 18DCB5FD1AFB0492003FDBF8 /* AppDelegate.m */; };
		18DCB6011AFB0492003FDBF8 /* ViewController.m in Sources */ = {isa = PBXBuildFile; fileRef = 18DCB6001AFB0492003FDBF8 /* ViewController.m */; };
		18DCB6041AFB0492003FDBF8 /* Main.storyboard in Resources */ = {isa = PBXBuildFile; fileRef = 18DCB6021AFB0492003FDBF8 /* Main.storyboard */; };
		18DCB6061AFB0492003FDBF8 /* Images.xcassets in Resources */ = {isa = PBXBuildFile; fileRef = 18DCB6051AFB0492003FDBF8 /* Images.xcassets */; };
		18DCB6091AFB0492003FDBF8 /* LaunchScreen.xib in Resources */ = {isa = PBXBuildFile; fileRef = 18DCB6071AFB0492003FDBF8 /* LaunchScreen.xib */; };
		18DCB6151AFB0492003FDBF8 /* MasonryTests.m in Sources */ = {isa = PBXBuildFile; fileRef = 18DCB6141AFB0492003FDBF8 /* MasonryTests.m */; };
		18DCB6371AFB05F1003FDBF8 /* Info.plist in Resources */ = {isa = PBXBuildFile; fileRef = 18DCB61F1AFB05F1003FDBF8 /* Info.plist */; };
		18DCB6381AFB05F1003FDBF8 /* MASCompositeConstraint.m in Sources */ = {isa = PBXBuildFile; fileRef = 18DCB6211AFB05F1003FDBF8 /* MASCompositeConstraint.m */; };
		18DCB6391AFB05F1003FDBF8 /* MASConstraint.m in Sources */ = {isa = PBXBuildFile; fileRef = 18DCB6241AFB05F1003FDBF8 /* MASConstraint.m */; };
		18DCB63A1AFB05F1003FDBF8 /* MASConstraintMaker.m in Sources */ = {isa = PBXBuildFile; fileRef = 18DCB6261AFB05F1003FDBF8 /* MASConstraintMaker.m */; };
		18DCB63B1AFB05F1003FDBF8 /* MASLayoutConstraint.m in Sources */ = {isa = PBXBuildFile; fileRef = 18DCB6281AFB05F1003FDBF8 /* MASLayoutConstraint.m */; };
		18DCB63C1AFB05F1003FDBF8 /* MASViewAttribute.m in Sources */ = {isa = PBXBuildFile; fileRef = 18DCB62C1AFB05F1003FDBF8 /* MASViewAttribute.m */; };
		18DCB63D1AFB05F1003FDBF8 /* MASViewConstraint.m in Sources */ = {isa = PBXBuildFile; fileRef = 18DCB62E1AFB05F1003FDBF8 /* MASViewConstraint.m */; };
		18DCB63E1AFB05F1003FDBF8 /* NSArray+MASAdditions.m in Sources */ = {isa = PBXBuildFile; fileRef = 18DCB6301AFB05F1003FDBF8 /* NSArray+MASAdditions.m */; };
		18DCB63F1AFB05F1003FDBF8 /* NSLayoutConstraint+MASDebugAdditions.m in Sources */ = {isa = PBXBuildFile; fileRef = 18DCB6331AFB05F1003FDBF8 /* NSLayoutConstraint+MASDebugAdditions.m */; };
		18DCB6401AFB05F1003FDBF8 /* View+MASAdditions.m in Sources */ = {isa = PBXBuildFile; fileRef = 18DCB6351AFB05F1003FDBF8 /* View+MASAdditions.m */; };
/* End PBXBuildFile section */

/* Begin PBXContainerItemProxy section */
		18DCB60F1AFB0492003FDBF8 /* PBXContainerItemProxy */ = {
			isa = PBXContainerItemProxy;
			containerPortal = 18DCB5ED1AFB0491003FDBF8 /* Project object */;
			proxyType = 1;
			remoteGlobalIDString = 18DCB5F41AFB0492003FDBF8;
			remoteInfo = Masonry;
		};
/* End PBXContainerItemProxy section */

/* Begin PBXFileReference section */
		18DCB5F51AFB0492003FDBF8 /* Masonry.app */ = {isa = PBXFileReference; explicitFileType = wrapper.application; includeInIndex = 0; path = Masonry.app; sourceTree = BUILT_PRODUCTS_DIR; };
		18DCB5F91AFB0492003FDBF8 /* Info.plist */ = {isa = PBXFileReference; lastKnownFileType = text.plist.xml; path = Info.plist; sourceTree = "<group>"; };
		18DCB5FA1AFB0492003FDBF8 /* main.m */ = {isa = PBXFileReference; lastKnownFileType = sourcecode.c.objc; path = main.m; sourceTree = "<group>"; };
		18DCB5FC1AFB0492003FDBF8 /* AppDelegate.h */ = {isa = PBXFileReference; lastKnownFileType = sourcecode.c.h; path = AppDelegate.h; sourceTree = "<group>"; };
		18DCB5FD1AFB0492003FDBF8 /* AppDelegate.m */ = {isa = PBXFileReference; lastKnownFileType = sourcecode.c.objc; path = AppDelegate.m; sourceTree = "<group>"; };
		18DCB5FF1AFB0492003FDBF8 /* ViewController.h */ = {isa = PBXFileReference; lastKnownFileType = sourcecode.c.h; path = ViewController.h; sourceTree = "<group>"; };
		18DCB6001AFB0492003FDBF8 /* ViewController.m */ = {isa = PBXFileReference; lastKnownFileType = sourcecode.c.objc; path = ViewController.m; sourceTree = "<group>"; };
		18DCB6031AFB0492003FDBF8 /* Base */ = {isa = PBXFileReference; lastKnownFileType = file.storyboard; name = Base; path = Base.lproj/Main.storyboard; sourceTree = "<group>"; };
		18DCB6051AFB0492003FDBF8 /* Images.xcassets */ = {isa = PBXFileReference; lastKnownFileType = folder.assetcatalog; path = Images.xcassets; sourceTree = "<group>"; };
		18DCB6081AFB0492003FDBF8 /* Base */ = {isa = PBXFileReference; lastKnownFileType = file.xib; name = Base; path = Base.lproj/LaunchScreen.xib; sourceTree = "<group>"; };
		18DCB60E1AFB0492003FDBF8 /* MasonryTests.xctest */ = {isa = PBXFileReference; explicitFileType = wrapper.cfbundle; includeInIndex = 0; path = MasonryTests.xctest; sourceTree = BUILT_PRODUCTS_DIR; };
		18DCB6131AFB0492003FDBF8 /* Info.plist */ = {isa = PBXFileReference; lastKnownFileType = text.plist.xml; path = Info.plist; sourceTree = "<group>"; };
		18DCB6141AFB0492003FDBF8 /* MasonryTests.m */ = {isa = PBXFileReference; lastKnownFileType = sourcecode.c.objc; path = MasonryTests.m; sourceTree = "<group>"; };
		18DCB61F1AFB05F1003FDBF8 /* Info.plist */ = {isa = PBXFileReference; fileEncoding = 4; lastKnownFileType = text.plist.xml; path = Info.plist; sourceTree = "<group>"; };
		18DCB6201AFB05F1003FDBF8 /* MASCompositeConstraint.h */ = {isa = PBXFileReference; fileEncoding = 4; lastKnownFileType = sourcecode.c.h; path = MASCompositeConstraint.h; sourceTree = "<group>"; };
		18DCB6211AFB05F1003FDBF8 /* MASCompositeConstraint.m */ = {isa = PBXFileReference; fileEncoding = 4; lastKnownFileType = sourcecode.c.objc; path = MASCompositeConstraint.m; sourceTree = "<group>"; };
		18DCB6221AFB05F1003FDBF8 /* MASConstraint+Private.h */ = {isa = PBXFileReference; fileEncoding = 4; lastKnownFileType = sourcecode.c.h; path = "MASConstraint+Private.h"; sourceTree = "<group>"; };
		18DCB6231AFB05F1003FDBF8 /* MASConstraint.h */ = {isa = PBXFileReference; fileEncoding = 4; lastKnownFileType = sourcecode.c.h; path = MASConstraint.h; sourceTree = "<group>"; };
		18DCB6241AFB05F1003FDBF8 /* MASConstraint.m */ = {isa = PBXFileReference; fileEncoding = 4; lastKnownFileType = sourcecode.c.objc; path = MASConstraint.m; sourceTree = "<group>"; };
		18DCB6251AFB05F1003FDBF8 /* MASConstraintMaker.h */ = {isa = PBXFileReference; fileEncoding = 4; lastKnownFileType = sourcecode.c.h; path = MASConstraintMaker.h; sourceTree = "<group>"; };
		18DCB6261AFB05F1003FDBF8 /* MASConstraintMaker.m */ = {isa = PBXFileReference; fileEncoding = 4; lastKnownFileType = sourcecode.c.objc; path = MASConstraintMaker.m; sourceTree = "<group>"; };
		18DCB6271AFB05F1003FDBF8 /* MASLayoutConstraint.h */ = {isa = PBXFileReference; fileEncoding = 4; lastKnownFileType = sourcecode.c.h; path = MASLayoutConstraint.h; sourceTree = "<group>"; };
		18DCB6281AFB05F1003FDBF8 /* MASLayoutConstraint.m */ = {isa = PBXFileReference; fileEncoding = 4; lastKnownFileType = sourcecode.c.objc; path = MASLayoutConstraint.m; sourceTree = "<group>"; };
		18DCB6291AFB05F1003FDBF8 /* Masonry.h */ = {isa = PBXFileReference; fileEncoding = 4; lastKnownFileType = sourcecode.c.h; path = Masonry.h; sourceTree = "<group>"; };
		18DCB62A1AFB05F1003FDBF8 /* MASUtilities.h */ = {isa = PBXFileReference; fileEncoding = 4; lastKnownFileType = sourcecode.c.h; path = MASUtilities.h; sourceTree = "<group>"; };
		18DCB62B1AFB05F1003FDBF8 /* MASViewAttribute.h */ = {isa = PBXFileReference; fileEncoding = 4; lastKnownFileType = sourcecode.c.h; path = MASViewAttribute.h; sourceTree = "<group>"; };
		18DCB62C1AFB05F1003FDBF8 /* MASViewAttribute.m */ = {isa = PBXFileReference; fileEncoding = 4; lastKnownFileType = sourcecode.c.objc; path = MASViewAttribute.m; sourceTree = "<group>"; };
		18DCB62D1AFB05F1003FDBF8 /* MASViewConstraint.h */ = {isa = PBXFileReference; fileEncoding = 4; lastKnownFileType = sourcecode.c.h; path = MASViewConstraint.h; sourceTree = "<group>"; };
		18DCB62E1AFB05F1003FDBF8 /* MASViewConstraint.m */ = {isa = PBXFileReference; fileEncoding = 4; lastKnownFileType = sourcecode.c.objc; path = MASViewConstraint.m; sourceTree = "<group>"; };
		18DCB62F1AFB05F1003FDBF8 /* NSArray+MASAdditions.h */ = {isa = PBXFileReference; fileEncoding = 4; lastKnownFileType = sourcecode.c.h; path = "NSArray+MASAdditions.h"; sourceTree = "<group>"; };
		18DCB6301AFB05F1003FDBF8 /* NSArray+MASAdditions.m */ = {isa = PBXFileReference; fileEncoding = 4; lastKnownFileType = sourcecode.c.objc; path = "NSArray+MASAdditions.m"; sourceTree = "<group>"; };
		18DCB6311AFB05F1003FDBF8 /* NSArray+MASShorthandAdditions.h */ = {isa = PBXFileReference; fileEncoding = 4; lastKnownFileType = sourcecode.c.h; path = "NSArray+MASShorthandAdditions.h"; sourceTree = "<group>"; };
		18DCB6321AFB05F1003FDBF8 /* NSLayoutConstraint+MASDebugAdditions.h */ = {isa = PBXFileReference; fileEncoding = 4; lastKnownFileType = sourcecode.c.h; path = "NSLayoutConstraint+MASDebugAdditions.h"; sourceTree = "<group>"; };
		18DCB6331AFB05F1003FDBF8 /* NSLayoutConstraint+MASDebugAdditions.m */ = {isa = PBXFileReference; fileEncoding = 4; lastKnownFileType = sourcecode.c.objc; path = "NSLayoutConstraint+MASDebugAdditions.m"; sourceTree = "<group>"; };
		18DCB6341AFB05F1003FDBF8 /* View+MASAdditions.h */ = {isa = PBXFileReference; fileEncoding = 4; lastKnownFileType = sourcecode.c.h; path = "View+MASAdditions.h"; sourceTree = "<group>"; };
		18DCB6351AFB05F1003FDBF8 /* View+MASAdditions.m */ = {isa = PBXFileReference; fileEncoding = 4; lastKnownFileType = sourcecode.c.objc; path = "View+MASAdditions.m"; sourceTree = "<group>"; };
		18DCB6361AFB05F1003FDBF8 /* View+MASShorthandAdditions.h */ = {isa = PBXFileReference; fileEncoding = 4; lastKnownFileType = sourcecode.c.h; path = "View+MASShorthandAdditions.h"; sourceTree = "<group>"; };
/* End PBXFileReference section */

/* Begin PBXFrameworksBuildPhase section */
		18DCB5F21AFB0492003FDBF8 /* Frameworks */ = {
			isa = PBXFrameworksBuildPhase;
			buildActionMask = 2147483647;
			files = (
			);
			runOnlyForDeploymentPostprocessing = 0;
		};
		18DCB60B1AFB0492003FDBF8 /* Frameworks */ = {
			isa = PBXFrameworksBuildPhase;
			buildActionMask = 2147483647;
			files = (
			);
			runOnlyForDeploymentPostprocessing = 0;
		};
/* End PBXFrameworksBuildPhase section */

/* Begin PBXGroup section */
		18DCB5EC1AFB0491003FDBF8 = {
			isa = PBXGroup;
			children = (
				18DCB5F71AFB0492003FDBF8 /* Masonry */,
				18DCB6111AFB0492003FDBF8 /* MasonryTests */,
				18DCB5F61AFB0492003FDBF8 /* Products */,
			);
			sourceTree = "<group>";
		};
		18DCB5F61AFB0492003FDBF8 /* Products */ = {
			isa = PBXGroup;
			children = (
				18DCB5F51AFB0492003FDBF8 /* Masonry.app */,
				18DCB60E1AFB0492003FDBF8 /* MasonryTests.xctest */,
			);
			name = Products;
			sourceTree = "<group>";
		};
		18DCB5F71AFB0492003FDBF8 /* Masonry */ = {
			isa = PBXGroup;
			children = (
				18DCB5FC1AFB0492003FDBF8 /* AppDelegate.h */,
				18DCB5FD1AFB0492003FDBF8 /* AppDelegate.m */,
				18DCB5FF1AFB0492003FDBF8 /* ViewController.h */,
				18DCB6001AFB0492003FDBF8 /* ViewController.m */,
				18DCB61E1AFB05F1003FDBF8 /* Masonry */,
				18DCB6021AFB0492003FDBF8 /* Main.storyboard */,
				18DCB6051AFB0492003FDBF8 /* Images.xcassets */,
				18DCB6071AFB0492003FDBF8 /* LaunchScreen.xib */,
				18DCB5F81AFB0492003FDBF8 /* Supporting Files */,
			);
			path = Masonry;
			sourceTree = "<group>";
		};
		18DCB5F81AFB0492003FDBF8 /* Supporting Files */ = {
			isa = PBXGroup;
			children = (
				18DCB5F91AFB0492003FDBF8 /* Info.plist */,
				18DCB5FA1AFB0492003FDBF8 /* main.m */,
			);
			name = "Supporting Files";
			sourceTree = "<group>";
		};
		18DCB6111AFB0492003FDBF8 /* MasonryTests */ = {
			isa = PBXGroup;
			children = (
				18DCB6141AFB0492003FDBF8 /* MasonryTests.m */,
				18DCB6121AFB0492003FDBF8 /* Supporting Files */,
			);
			path = MasonryTests;
			sourceTree = "<group>";
		};
		18DCB6121AFB0492003FDBF8 /* Supporting Files */ = {
			isa = PBXGroup;
			children = (
				18DCB6131AFB0492003FDBF8 /* Info.plist */,
			);
			name = "Supporting Files";
			sourceTree = "<group>";
		};
		18DCB61E1AFB05F1003FDBF8 /* Masonry */ = {
			isa = PBXGroup;
			children = (
				18DCB61F1AFB05F1003FDBF8 /* Info.plist */,
				18DCB6201AFB05F1003FDBF8 /* MASCompositeConstraint.h */,
				18DCB6211AFB05F1003FDBF8 /* MASCompositeConstraint.m */,
				18DCB6221AFB05F1003FDBF8 /* MASConstraint+Private.h */,
				18DCB6231AFB05F1003FDBF8 /* MASConstraint.h */,
				18DCB6241AFB05F1003FDBF8 /* MASConstraint.m */,
				18DCB6251AFB05F1003FDBF8 /* MASConstraintMaker.h */,
				18DCB6261AFB05F1003FDBF8 /* MASConstraintMaker.m */,
				18DCB6271AFB05F1003FDBF8 /* MASLayoutConstraint.h */,
				18DCB6281AFB05F1003FDBF8 /* MASLayoutConstraint.m */,
				18DCB6291AFB05F1003FDBF8 /* Masonry.h */,
				18DCB62A1AFB05F1003FDBF8 /* MASUtilities.h */,
				18DCB62B1AFB05F1003FDBF8 /* MASViewAttribute.h */,
				18DCB62C1AFB05F1003FDBF8 /* MASViewAttribute.m */,
				18DCB62D1AFB05F1003FDBF8 /* MASViewConstraint.h */,
				18DCB62E1AFB05F1003FDBF8 /* MASViewConstraint.m */,
				18DCB62F1AFB05F1003FDBF8 /* NSArray+MASAdditions.h */,
				18DCB6301AFB05F1003FDBF8 /* NSArray+MASAdditions.m */,
				18DCB6311AFB05F1003FDBF8 /* NSArray+MASShorthandAdditions.h */,
				18DCB6321AFB05F1003FDBF8 /* NSLayoutConstraint+MASDebugAdditions.h */,
				18DCB6331AFB05F1003FDBF8 /* NSLayoutConstraint+MASDebugAdditions.m */,
				18DCB6341AFB05F1003FDBF8 /* View+MASAdditions.h */,
				18DCB6351AFB05F1003FDBF8 /* View+MASAdditions.m */,
				18DCB6361AFB05F1003FDBF8 /* View+MASShorthandAdditions.h */,
			);
			path = Masonry;
			sourceTree = "<group>";
		};
/* End PBXGroup section */

/* Begin PBXNativeTarget section */
		18DCB5F41AFB0492003FDBF8 /* Masonry */ = {
			isa = PBXNativeTarget;
			buildConfigurationList = 18DCB6181AFB0492003FDBF8 /* Build configuration list for PBXNativeTarget "Masonry" */;
			buildPhases = (
				18DCB5F11AFB0492003FDBF8 /* Sources */,
				18DCB5F21AFB0492003FDBF8 /* Frameworks */,
				18DCB5F31AFB0492003FDBF8 /* Resources */,
			);
			buildRules = (
			);
			dependencies = (
			);
			name = Masonry;
			productName = Masonry;
			productReference = 18DCB5F51AFB0492003FDBF8 /* Masonry.app */;
			productType = "com.apple.product-type.application";
		};
		18DCB60D1AFB0492003FDBF8 /* MasonryTests */ = {
			isa = PBXNativeTarget;
			buildConfigurationList = 18DCB61B1AFB0492003FDBF8 /* Build configuration list for PBXNativeTarget "MasonryTests" */;
			buildPhases = (
				18DCB60A1AFB0492003FDBF8 /* Sources */,
				18DCB60B1AFB0492003FDBF8 /* Frameworks */,
				18DCB60C1AFB0492003FDBF8 /* Resources */,
			);
			buildRules = (
			);
			dependencies = (
				18DCB6101AFB0492003FDBF8 /* PBXTargetDependency */,
			);
			name = MasonryTests;
			productName = MasonryTests;
			productReference = 18DCB60E1AFB0492003FDBF8 /* MasonryTests.xctest */;
			productType = "com.apple.product-type.bundle.unit-test";
		};
/* End PBXNativeTarget section */

/* Begin PBXProject section */
		18DCB5ED1AFB0491003FDBF8 /* Project object */ = {
			isa = PBXProject;
			attributes = {
				LastUpgradeCheck = 0610;
				ORGANIZATIONNAME = yangkaifeng;
				TargetAttributes = {
					18DCB5F41AFB0492003FDBF8 = {
						CreatedOnToolsVersion = 6.1.1;
					};
					18DCB60D1AFB0492003FDBF8 = {
						CreatedOnToolsVersion = 6.1.1;
						TestTargetID = 18DCB5F41AFB0492003FDBF8;
					};
				};
			};
			buildConfigurationList = 18DCB5F01AFB0491003FDBF8 /* Build configuration list for PBXProject "Masonry" */;
			compatibilityVersion = "Xcode 3.2";
			developmentRegion = English;
			hasScannedForEncodings = 0;
			knownRegions = (
				en,
				Base,
			);
			mainGroup = 18DCB5EC1AFB0491003FDBF8;
			productRefGroup = 18DCB5F61AFB0492003FDBF8 /* Products */;
			projectDirPath = "";
			projectRoot = "";
			targets = (
				18DCB5F41AFB0492003FDBF8 /* Masonry */,
				18DCB60D1AFB0492003FDBF8 /* MasonryTests */,
			);
		};
/* End PBXProject section */

/* Begin PBXResourcesBuildPhase section */
		18DCB5F31AFB0492003FDBF8 /* Resources */ = {
			isa = PBXResourcesBuildPhase;
			buildActionMask = 2147483647;
			files = (
				18DCB6371AFB05F1003FDBF8 /* Info.plist in Resources */,
				18DCB6041AFB0492003FDBF8 /* Main.storyboard in Resources */,
				18DCB6091AFB0492003FDBF8 /* LaunchScreen.xib in Resources */,
				18DCB6061AFB0492003FDBF8 /* Images.xcassets in Resources */,
			);
			runOnlyForDeploymentPostprocessing = 0;
		};
		18DCB60C1AFB0492003FDBF8 /* Resources */ = {
			isa = PBXResourcesBuildPhase;
			buildActionMask = 2147483647;
			files = (
			);
			runOnlyForDeploymentPostprocessing = 0;
		};
/* End PBXResourcesBuildPhase section */

/* Begin PBXSourcesBuildPhase section */
		18DCB5F11AFB0492003FDBF8 /* Sources */ = {
			isa = PBXSourcesBuildPhase;
			buildActionMask = 2147483647;
			files = (
				18DCB63F1AFB05F1003FDBF8 /* NSLayoutConstraint+MASDebugAdditions.m in Sources */,
				18DCB63D1AFB05F1003FDBF8 /* MASViewConstraint.m in Sources */,
				18DCB6381AFB05F1003FDBF8 /* MASCompositeConstraint.m in Sources */,
				18DCB63E1AFB05F1003FDBF8 /* NSArray+MASAdditions.m in Sources */,
				18DCB6011AFB0492003FDBF8 /* ViewController.m in Sources */,
				18DCB5FE1AFB0492003FDBF8 /* AppDelegate.m in Sources */,
				18DCB63B1AFB05F1003FDBF8 /* MASLayoutConstraint.m in Sources */,
				18DCB5FB1AFB0492003FDBF8 /* main.m in Sources */,
				18DCB6401AFB05F1003FDBF8 /* View+MASAdditions.m in Sources */,
				18DCB63C1AFB05F1003FDBF8 /* MASViewAttribute.m in Sources */,
				18DCB6391AFB05F1003FDBF8 /* MASConstraint.m in Sources */,
				18DCB63A1AFB05F1003FDBF8 /* MASConstraintMaker.m in Sources */,
			);
			runOnlyForDeploymentPostprocessing = 0;
		};
		18DCB60A1AFB0492003FDBF8 /* Sources */ = {
			isa = PBXSourcesBuildPhase;
			buildActionMask = 2147483647;
			files = (
				18DCB6151AFB0492003FDBF8 /* MasonryTests.m in Sources */,
			);
			runOnlyForDeploymentPostprocessing = 0;
		};
/* End PBXSourcesBuildPhase section */

/* Begin PBXTargetDependency section */
		18DCB6101AFB0492003FDBF8 /* PBXTargetDependency */ = {
			isa = PBXTargetDependency;
			target = 18DCB5F41AFB0492003FDBF8 /* Masonry */;
			targetProxy = 18DCB60F1AFB0492003FDBF8 /* PBXContainerItemProxy */;
		};
/* End PBXTargetDependency section */

/* Begin PBXVariantGroup section */
		18DCB6021AFB0492003FDBF8 /* Main.storyboard */ = {
			isa = PBXVariantGroup;
			children = (
				18DCB6031AFB0492003FDBF8 /* Base */,
			);
			name = Main.storyboard;
			sourceTree = "<group>";
		};
		18DCB6071AFB0492003FDBF8 /* LaunchScreen.xib */ = {
			isa = PBXVariantGroup;
			children = (
				18DCB6081AFB0492003FDBF8 /* Base */,
			);
			name = LaunchScreen.xib;
			sourceTree = "<group>";
		};
/* End PBXVariantGroup section */

/* Begin XCBuildConfiguration section */
		18DCB6161AFB0492003FDBF8 /* Debug */ = {
			isa = XCBuildConfiguration;
			buildSettings = {
				ALWAYS_SEARCH_USER_PATHS = NO;
				CLANG_CXX_LANGUAGE_STANDARD = "gnu++0x";
				CLANG_CXX_LIBRARY = "libc++";
				CLANG_ENABLE_MODULES = YES;
				CLANG_ENABLE_OBJC_ARC = YES;
				CLANG_WARN_BOOL_CONVERSION = YES;
				CLANG_WARN_CONSTANT_CONVERSION = YES;
				CLANG_WARN_DIRECT_OBJC_ISA_USAGE = YES_ERROR;
				CLANG_WARN_EMPTY_BODY = YES;
				CLANG_WARN_ENUM_CONVERSION = YES;
				CLANG_WARN_INT_CONVERSION = YES;
				CLANG_WARN_OBJC_ROOT_CLASS = YES_ERROR;
				CLANG_WARN_UNREACHABLE_CODE = YES;
				CLANG_WARN__DUPLICATE_METHOD_MATCH = YES;
				"CODE_SIGN_IDENTITY[sdk=iphoneos*]" = "iPhone Developer";
				COPY_PHASE_STRIP = NO;
				ENABLE_STRICT_OBJC_MSGSEND = YES;
				GCC_C_LANGUAGE_STANDARD = gnu99;
				GCC_DYNAMIC_NO_PIC = NO;
				GCC_OPTIMIZATION_LEVEL = 0;
				GCC_PREPROCESSOR_DEFINITIONS = (
					"DEBUG=1",
					"$(inherited)",
				);
				GCC_SYMBOLS_PRIVATE_EXTERN = NO;
				GCC_WARN_64_TO_32_BIT_CONVERSION = YES;
				GCC_WARN_ABOUT_RETURN_TYPE = YES_ERROR;
				GCC_WARN_UNDECLARED_SELECTOR = YES;
				GCC_WARN_UNINITIALIZED_AUTOS = YES_AGGRESSIVE;
				GCC_WARN_UNUSED_FUNCTION = YES;
				GCC_WARN_UNUSED_VARIABLE = YES;
				IPHONEOS_DEPLOYMENT_TARGET = 8.1;
				MTL_ENABLE_DEBUG_INFO = YES;
				ONLY_ACTIVE_ARCH = YES;
				SDKROOT = iphoneos;
				TARGETED_DEVICE_FAMILY = "1,2";
			};
			name = Debug;
		};
		18DCB6171AFB0492003FDBF8 /* Release */ = {
			isa = XCBuildConfiguration;
			buildSettings = {
				ALWAYS_SEARCH_USER_PATHS = NO;
				CLANG_CXX_LANGUAGE_STANDARD = "gnu++0x";
				CLANG_CXX_LIBRARY = "libc++";
				CLANG_ENABLE_MODULES = YES;
				CLANG_ENABLE_OBJC_ARC = YES;
				CLANG_WARN_BOOL_CONVERSION = YES;
				CLANG_WARN_CONSTANT_CONVERSION = YES;
				CLANG_WARN_DIRECT_OBJC_ISA_USAGE = YES_ERROR;
				CLANG_WARN_EMPTY_BODY = YES;
				CLANG_WARN_ENUM_CONVERSION = YES;
				CLANG_WARN_INT_CONVERSION = YES;
				CLANG_WARN_OBJC_ROOT_CLASS = YES_ERROR;
				CLANG_WARN_UNREACHABLE_CODE = YES;
				CLANG_WARN__DUPLICATE_METHOD_MATCH = YES;
				"CODE_SIGN_IDENTITY[sdk=iphoneos*]" = "iPhone Developer";
				COPY_PHASE_STRIP = YES;
				ENABLE_NS_ASSERTIONS = NO;
				ENABLE_STRICT_OBJC_MSGSEND = YES;
				GCC_C_LANGUAGE_STANDARD = gnu99;
				GCC_WARN_64_TO_32_BIT_CONVERSION = YES;
				GCC_WARN_ABOUT_RETURN_TYPE = YES_ERROR;
				GCC_WARN_UNDECLARED_SELECTOR = YES;
				GCC_WARN_UNINITIALIZED_AUTOS = YES_AGGRESSIVE;
				GCC_WARN_UNUSED_FUNCTION = YES;
				GCC_WARN_UNUSED_VARIABLE = YES;
				IPHONEOS_DEPLOYMENT_TARGET = 8.1;
				MTL_ENABLE_DEBUG_INFO = NO;
				SDKROOT = iphoneos;
				TARGETED_DEVICE_FAMILY = "1,2";
				VALIDATE_PRODUCT = YES;
			};
			name = Release;
		};
		18DCB6191AFB0492003FDBF8 /* Debug */ = {
			isa = XCBuildConfiguration;
			buildSettings = {
				ASSETCATALOG_COMPILER_APPICON_NAME = AppIcon;
				INFOPLIST_FILE = Masonry/Info.plist;
				LD_RUNPATH_SEARCH_PATHS = "$(inherited) @executable_path/Frameworks";
				PRODUCT_NAME = "$(TARGET_NAME)";
			};
			name = Debug;
		};
		18DCB61A1AFB0492003FDBF8 /* Release */ = {
			isa = XCBuildConfiguration;
			buildSettings = {
				ASSETCATALOG_COMPILER_APPICON_NAME = AppIcon;
				INFOPLIST_FILE = Masonry/Info.plist;
				LD_RUNPATH_SEARCH_PATHS = "$(inherited) @executable_path/Frameworks";
				PRODUCT_NAME = "$(TARGET_NAME)";
			};
			name = Release;
		};
		18DCB61C1AFB0492003FDBF8 /* Debug */ = {
			isa = XCBuildConfiguration;
			buildSettings = {
				BUNDLE_LOADER = "$(TEST_HOST)";
				FRAMEWORK_SEARCH_PATHS = (
					"$(SDKROOT)/Developer/Library/Frameworks",
					"$(inherited)",
				);
				GCC_PREPROCESSOR_DEFINITIONS = (
					"DEBUG=1",
					"$(inherited)",
				);
				INFOPLIST_FILE = MasonryTests/Info.plist;
				LD_RUNPATH_SEARCH_PATHS = "$(inherited) @executable_path/Frameworks @loader_path/Frameworks";
				PRODUCT_NAME = "$(TARGET_NAME)";
				TEST_HOST = "$(BUILT_PRODUCTS_DIR)/Masonry.app/Masonry";
			};
			name = Debug;
		};
		18DCB61D1AFB0492003FDBF8 /* Release */ = {
			isa = XCBuildConfiguration;
			buildSettings = {
				BUNDLE_LOADER = "$(TEST_HOST)";
				FRAMEWORK_SEARCH_PATHS = (
					"$(SDKROOT)/Developer/Library/Frameworks",
					"$(inherited)",
				);
				INFOPLIST_FILE = MasonryTests/Info.plist;
				LD_RUNPATH_SEARCH_PATHS = "$(inherited) @executable_path/Frameworks @loader_path/Frameworks";
				PRODUCT_NAME = "$(TARGET_NAME)";
				TEST_HOST = "$(BUILT_PRODUCTS_DIR)/Masonry.app/Masonry";
			};
			name = Release;
		};
/* End XCBuildConfiguration section */

/* Begin XCConfigurationList section */
		18DCB5F01AFB0491003FDBF8 /* Build configuration list for PBXProject "Masonry" */ = {
			isa = XCConfigurationList;
			buildConfigurations = (
				18DCB6161AFB0492003FDBF8 /* Debug */,
				18DCB6171AFB0492003FDBF8 /* Release */,
			);
			defaultConfigurationIsVisible = 0;
			defaultConfigurationName = Release;
		};
		18DCB6181AFB0492003FDBF8 /* Build configuration list for PBXNativeTarget "Masonry" */ = {
			isa = XCConfigurationList;
			buildConfigurations = (
				18DCB6191AFB0492003FDBF8 /* Debug */,
				18DCB61A1AFB0492003FDBF8 /* Release */,
			);
			defaultConfigurationIsVisible = 0;
		};
		18DCB61B1AFB0492003FDBF8 /* Build configuration list for PBXNativeTarget "MasonryTests" */ = {
			isa = XCConfigurationList;
			buildConfigurations = (
				18DCB61C1AFB0492003FDBF8 /* Debug */,
				18DCB61D1AFB0492003FDBF8 /* Release */,
			);
			defaultConfigurationIsVisible = 0;
		};
/* End XCConfigurationList section */
	};
	rootObject = 18DCB5ED1AFB0491003FDBF8 /* Project object */;
}
